
Microsoft Visual Studio Solution File, Format Version 12.00
# Visual Studio Version 16
VisualStudioVersion = 16.0.28803.352
MinimumVisualStudioVersion = 10.0.40219.1
Project("{F184B08F-C81C-45F6-A57F-5ABD9991F28F}") = "Database", "Database\Database.vbproj", "{CD897A97-CE8B-48E3-96F7-963B0F422A40}"
EndProject
Project("{FAE04EC0-301F-11D3-BF4B-00C04F79EFBC}") = "Application", "Application\Application.csproj", "{C033EDE8-A12E-40C5-80A6-6A030BE96A7A}"
EndProject
Project("{FAE04EC0-301F-11D3-BF4B-00C04F79EFBC}") = "WebAPI", "WebAPI\WebAPI.csproj", "{1A5AAE28-74D3-464D-B21A-48ADEC2FE631}"
EndProject
Project("{FAE04EC0-301F-11D3-BF4B-00C04F79EFBC}") = "Repository", "Repository\Repository.csproj", "{90E5B652-6D1A-4B57-B2E9-37E3F94E283B}"
EndProject
Project("{FAE04EC0-301F-11D3-BF4B-00C04F79EFBC}") = "Resource", "Resource\Resource.csproj", "{A5D3ED61-6A8F-4F37-910C-6C346190FCA6}"
EndProject
Global
	GlobalSection(SolutionConfigurationPlatforms) = preSolution
		Debug|Any CPU = Debug|Any CPU
		Release|Any CPU = Release|Any CPU
	EndGlobalSection
	GlobalSection(ProjectConfigurationPlatforms) = postSolution
		{CD897A97-CE8B-48E3-96F7-963B0F422A40}.Debug|Any CPU.ActiveCfg = Debug|Any CPU
		{CD897A97-CE8B-48E3-96F7-963B0F422A40}.Debug|Any CPU.Build.0 = Debug|Any CPU
		{CD897A97-CE8B-48E3-96F7-963B0F422A40}.Release|Any CPU.ActiveCfg = Release|Any CPU
		{CD897A97-CE8B-48E3-96F7-963B0F422A40}.Release|Any CPU.Build.0 = Release|Any CPU
		{C033EDE8-A12E-40C5-80A6-6A030BE96A7A}.Debug|Any CPU.ActiveCfg = Debug|Any CPU
		{C033EDE8-A12E-40C5-80A6-6A030BE96A7A}.Debug|Any CPU.Build.0 = Debug|Any CPU
		{C033EDE8-A12E-40C5-80A6-6A030BE96A7A}.Release|Any CPU.ActiveCfg = Release|Any CPU
		{C033EDE8-A12E-40C5-80A6-6A030BE96A7A}.Release|Any CPU.Build.0 = Release|Any CPU
		{1A5AAE28-74D3-464D-B21A-48ADEC2FE631}.Debug|Any CPU.ActiveCfg = Debug|Any CPU
		{1A5AAE28-74D3-464D-B21A-48ADEC2FE631}.Debug|Any CPU.Build.0 = Debug|Any CPU
		{1A5AAE28-74D3-464D-B21A-48ADEC2FE631}.Release|Any CPU.ActiveCfg = Release|Any CPU
		{1A5AAE28-74D3-464D-B21A-48ADEC2FE631}.Release|Any CPU.Build.0 = Release|Any CPU
		{90E5B652-6D1A-4B57-B2E9-37E3F94E283B}.Debug|Any CPU.ActiveCfg = Debug|Any CPU
		{90E5B652-6D1A-4B57-B2E9-37E3F94E283B}.Debug|Any CPU.Build.0 = Debug|Any CPU
		{90E5B652-6D1A-4B57-B2E9-37E3F94E283B}.Release|Any CPU.ActiveCfg = Release|Any CPU
		{90E5B652-6D1A-4B57-B2E9-37E3F94E283B}.Release|Any CPU.Build.0 = Release|Any CPU
		{A5D3ED61-6A8F-4F37-910C-6C346190FCA6}.Debug|Any CPU.ActiveCfg = Debug|Any CPU
		{A5D3ED61-6A8F-4F37-910C-6C346190FCA6}.Debug|Any CPU.Build.0 = Debug|Any CPU
		{A5D3ED61-6A8F-4F37-910C-6C346190FCA6}.Release|Any CPU.ActiveCfg = Release|Any CPU
		{A5D3ED61-6A8F-4F37-910C-6C346190FCA6}.Release|Any CPU.Build.0 = Release|Any CPU
	EndGlobalSection
	GlobalSection(SolutionProperties) = preSolution
		HideSolutionNode = FALSE
	EndGlobalSection
	GlobalSection(ExtensibilityGlobals) = postSolution
		SolutionGuid = {23FC8716-CEB0-449D-9DCA-8A0F5D19642F}
	EndGlobalSection
EndGlobal
